<Solution>
  <Project Path="ArraysPractice/ArraysPractice.csproj" Id="bd21479d-b4a9-4315-b093-d9719bb71d9d" />
  <Project Path="HospitalSystem/HospitalSystem.csproj" />
  <Project Path="HotelManagementSystem/HotelManagementSystem.csproj" Id="4d572c63-962d-4d97-8d90-32cf0ef29e9f" />
  <Project Path="LibraryManagementSystem/LibraryManagementSystem.csproj" Id="8e698cda-0c32-453a-a694-83d53520be3e" />
</Solution>
